// !$*UTF8*$!
{
	archiveVersion = 1;
	classes = {
	};
	objectVersion = 50;
	objects = {

/* Begin PBXBuildFile section */
		B0AB79ED232D647A00EEAEC3 /* AppDelegate.swift in Sources */ = {isa = PBXBuildFile; fileRef = B0AB79EC232D647A00EEAEC3 /* AppDelegate.swift */; };
		B0AB79EF232D647A00EEAEC3 /* ViewController.swift in Sources */ = {isa = PBXBuildFile; fileRef = B0AB79EE232D647A00EEAEC3 /* ViewController.swift */; };
		B0AB79F4232D647B00EEAEC3 /* Assets.xcassets in Resources */ = {isa = PBXBuildFile; fileRef = B0AB79F3232D647B00EEAEC3 /* Assets.xcassets */; };
		B0AB79F7232D647B00EEAEC3 /* LaunchScreen.storyboard in Resources */ = {isa = PBXBuildFile; fileRef = B0AB79F5232D647B00EEAEC3 /* LaunchScreen.storyboard */; };
		B0AB7A02232D647B00EEAEC3 /* WhoIsTests.swift in Sources */ = {isa = PBXBuildFile; fileRef = B0AB7A01232D647B00EEAEC3 /* WhoIsTests.swift */; };
		B0AB7A0D232D647B00EEAEC3 /* WhoIsUITests.swift in Sources */ = {isa = PBXBuildFile; fileRef = B0AB7A0C232D647B00EEAEC3 /* WhoIsUITests.swift */; };
		B0AB7A22232D7C7200EEAEC3 /* InformationRouter.swift in Sources */ = {isa = PBXBuildFile; fileRef = B0AB7A21232D7C7200EEAEC3 /* InformationRouter.swift */; };
		B0AB7A24232D7C7F00EEAEC3 /* Information.swift in Sources */ = {isa = PBXBuildFile; fileRef = B0AB7A23232D7C7F00EEAEC3 /* Information.swift */; };
		B0AB7A28232D7C9500EEAEC3 /* InformationPresenter.swift in Sources */ = {isa = PBXBuildFile; fileRef = B0AB7A27232D7C9500EEAEC3 /* InformationPresenter.swift */; };
		B0AB7A2A232D7CBB00EEAEC3 /* InformationInteractor.swift in Sources */ = {isa = PBXBuildFile; fileRef = B0AB7A29232D7CBB00EEAEC3 /* InformationInteractor.swift */; };
		B0AB7A2C232D7CD200EEAEC3 /* Information.storyboard in Resources */ = {isa = PBXBuildFile; fileRef = B0AB7A2B232D7CD200EEAEC3 /* Information.storyboard */; };
		B0AB7A2E232D7CFB00EEAEC3 /* InformationViewController.swift in Sources */ = {isa = PBXBuildFile; fileRef = B0AB7A2D232D7CFB00EEAEC3 /* InformationViewController.swift */; };
		B0EAD77E233065AD00968CA0 /* NetworkManager.swift in Sources */ = {isa = PBXBuildFile; fileRef = B0EAD77D233065AD00968CA0 /* NetworkManager.swift */; };
		B0EAD780233065D300968CA0 /* ServiceConstants.swift in Sources */ = {isa = PBXBuildFile; fileRef = B0EAD77F233065D300968CA0 /* ServiceConstants.swift */; };
		B0EAD782233066DF00968CA0 /* ServiceInterfaces.swift in Sources */ = {isa = PBXBuildFile; fileRef = B0EAD781233066DF00968CA0 /* ServiceInterfaces.swift */; };
		B0EAD784233067E000968CA0 /* InformationRequestManager.swift in Sources */ = {isa = PBXBuildFile; fileRef = B0EAD783233067E000968CA0 /* InformationRequestManager.swift */; };
/* End PBXBuildFile section */

/* Begin PBXContainerItemProxy section */
		B0AB79FE232D647B00EEAEC3 /* PBXContainerItemProxy */ = {
			isa = PBXContainerItemProxy;
			containerPortal = B0AB79E1232D647900EEAEC3 /* Project object */;
			proxyType = 1;
			remoteGlobalIDString = B0AB79E8232D647900EEAEC3;
			remoteInfo = WhoIs;
		};
		B0AB7A09232D647B00EEAEC3 /* PBXContainerItemProxy */ = {
			isa = PBXContainerItemProxy;
			containerPortal = B0AB79E1232D647900EEAEC3 /* Project object */;
			proxyType = 1;
			remoteGlobalIDString = B0AB79E8232D647900EEAEC3;
			remoteInfo = WhoIs;
		};
/* End PBXContainerItemProxy section */

/* Begin PBXFileReference section */
		B0AB79E9232D647A00EEAEC3 /* WhoIs.app */ = {isa = PBXFileReference; explicitFileType = wrapper.application; includeInIndex = 0; path = WhoIs.app; sourceTree = BUILT_PRODUCTS_DIR; };
		B0AB79EC232D647A00EEAEC3 /* AppDelegate.swift */ = {isa = PBXFileReference; lastKnownFileType = sourcecode.swift; path = AppDelegate.swift; sourceTree = "<group>"; };
		B0AB79EE232D647A00EEAEC3 /* ViewController.swift */ = {isa = PBXFileReference; lastKnownFileType = sourcecode.swift; path = ViewController.swift; sourceTree = "<group>"; };
		B0AB79F3232D647B00EEAEC3 /* Assets.xcassets */ = {isa = PBXFileReference; lastKnownFileType = folder.assetcatalog; path = Assets.xcassets; sourceTree = "<group>"; };
		B0AB79F6232D647B00EEAEC3 /* Base */ = {isa = PBXFileReference; lastKnownFileType = file.storyboard; name = Base; path = Base.lproj/LaunchScreen.storyboard; sourceTree = "<group>"; };
		B0AB79F8232D647B00EEAEC3 /* Info.plist */ = {isa = PBXFileReference; lastKnownFileType = text.plist.xml; path = Info.plist; sourceTree = "<group>"; };
		B0AB79FD232D647B00EEAEC3 /* WhoIsTests.xctest */ = {isa = PBXFileReference; explicitFileType = wrapper.cfbundle; includeInIndex = 0; path = WhoIsTests.xctest; sourceTree = BUILT_PRODUCTS_DIR; };
		B0AB7A01232D647B00EEAEC3 /* WhoIsTests.swift */ = {isa = PBXFileReference; lastKnownFileType = sourcecode.swift; path = WhoIsTests.swift; sourceTree = "<group>"; };
		B0AB7A03232D647B00EEAEC3 /* Info.plist */ = {isa = PBXFileReference; lastKnownFileType = text.plist.xml; path = Info.plist; sourceTree = "<group>"; };
		B0AB7A08232D647B00EEAEC3 /* WhoIsUITests.xctest */ = {isa = PBXFileReference; explicitFileType = wrapper.cfbundle; includeInIndex = 0; path = WhoIsUITests.xctest; sourceTree = BUILT_PRODUCTS_DIR; };
		B0AB7A0C232D647B00EEAEC3 /* WhoIsUITests.swift */ = {isa = PBXFileReference; lastKnownFileType = sourcecode.swift; path = WhoIsUITests.swift; sourceTree = "<group>"; };
		B0AB7A0E232D647B00EEAEC3 /* Info.plist */ = {isa = PBXFileReference; lastKnownFileType = text.plist.xml; path = Info.plist; sourceTree = "<group>"; };
		B0AB7A21232D7C7200EEAEC3 /* InformationRouter.swift */ = {isa = PBXFileReference; lastKnownFileType = sourcecode.swift; path = InformationRouter.swift; sourceTree = "<group>"; };
		B0AB7A23232D7C7F00EEAEC3 /* Information.swift */ = {isa = PBXFileReference; lastKnownFileType = sourcecode.swift; path = Information.swift; sourceTree = "<group>"; };
		B0AB7A27232D7C9500EEAEC3 /* InformationPresenter.swift */ = {isa = PBXFileReference; lastKnownFileType = sourcecode.swift; path = InformationPresenter.swift; sourceTree = "<group>"; };
		B0AB7A29232D7CBB00EEAEC3 /* InformationInteractor.swift */ = {isa = PBXFileReference; lastKnownFileType = sourcecode.swift; path = InformationInteractor.swift; sourceTree = "<group>"; };
		B0AB7A2B232D7CD200EEAEC3 /* Information.storyboard */ = {isa = PBXFileReference; lastKnownFileType = file.storyboard; path = Information.storyboard; sourceTree = "<group>"; };
		B0AB7A2D232D7CFB00EEAEC3 /* InformationViewController.swift */ = {isa = PBXFileReference; lastKnownFileType = sourcecode.swift; path = InformationViewController.swift; sourceTree = "<group>"; };
		B0EAD77D233065AD00968CA0 /* NetworkManager.swift */ = {isa = PBXFileReference; lastKnownFileType = sourcecode.swift; path = NetworkManager.swift; sourceTree = "<group>"; };
		B0EAD77F233065D300968CA0 /* ServiceConstants.swift */ = {isa = PBXFileReference; lastKnownFileType = sourcecode.swift; path = ServiceConstants.swift; sourceTree = "<group>"; };
		B0EAD781233066DF00968CA0 /* ServiceInterfaces.swift */ = {isa = PBXFileReference; lastKnownFileType = sourcecode.swift; path = ServiceInterfaces.swift; sourceTree = "<group>"; };
		B0EAD783233067E000968CA0 /* InformationRequestManager.swift */ = {isa = PBXFileReference; lastKnownFileType = sourcecode.swift; path = InformationRequestManager.swift; sourceTree = "<group>"; };
/* End PBXFileReference section */

/* Begin PBXFrameworksBuildPhase section */
		B0AB79E6232D647900EEAEC3 /* Frameworks */ = {
			isa = PBXFrameworksBuildPhase;
			buildActionMask = 2147483647;
			files = (
			);
			runOnlyForDeploymentPostprocessing = 0;
		};
		B0AB79FA232D647B00EEAEC3 /* Frameworks */ = {
			isa = PBXFrameworksBuildPhase;
			buildActionMask = 2147483647;
			files = (
			);
			runOnlyForDeploymentPostprocessing = 0;
		};
		B0AB7A05232D647B00EEAEC3 /* Frameworks */ = {
			isa = PBXFrameworksBuildPhase;
			buildActionMask = 2147483647;
			files = (
			);
			runOnlyForDeploymentPostprocessing = 0;
		};
/* End PBXFrameworksBuildPhase section */

/* Begin PBXGroup section */
		B0AB79E0232D647900EEAEC3 = {
			isa = PBXGroup;
			children = (
				B0AB79EB232D647A00EEAEC3 /* WhoIs */,
				B0AB7A00232D647B00EEAEC3 /* WhoIsTests */,
				B0AB7A0B232D647B00EEAEC3 /* WhoIsUITests */,
				B0AB79EA232D647A00EEAEC3 /* Products */,
			);
			sourceTree = "<group>";
		};
		B0AB79EA232D647A00EEAEC3 /* Products */ = {
			isa = PBXGroup;
			children = (
				B0AB79E9232D647A00EEAEC3 /* WhoIs.app */,
				B0AB79FD232D647B00EEAEC3 /* WhoIsTests.xctest */,
				B0AB7A08232D647B00EEAEC3 /* WhoIsUITests.xctest */,
			);
			name = Products;
			sourceTree = "<group>";
		};
		B0AB79EB232D647A00EEAEC3 /* WhoIs */ = {
			isa = PBXGroup;
			children = (
				B0AB7A1A232D79AD00EEAEC3 /* SupportingFiles */,
				B0EAD77C23305EAB00968CA0 /* Service */,
				B0AB7A1B232D7ABB00EEAEC3 /* Information */,
				B0AB79F8232D647B00EEAEC3 /* Info.plist */,
			);
			path = WhoIs;
			sourceTree = "<group>";
		};
		B0AB7A00232D647B00EEAEC3 /* WhoIsTests */ = {
			isa = PBXGroup;
			children = (
				B0AB7A01232D647B00EEAEC3 /* WhoIsTests.swift */,
				B0AB7A03232D647B00EEAEC3 /* Info.plist */,
			);
			path = WhoIsTests;
			sourceTree = "<group>";
		};
		B0AB7A0B232D647B00EEAEC3 /* WhoIsUITests */ = {
			isa = PBXGroup;
			children = (
				B0AB7A0C232D647B00EEAEC3 /* WhoIsUITests.swift */,
				B0AB7A0E232D647B00EEAEC3 /* Info.plist */,
			);
			path = WhoIsUITests;
			sourceTree = "<group>";
		};
		B0AB7A1A232D79AD00EEAEC3 /* SupportingFiles */ = {
			isa = PBXGroup;
			children = (
				B0AB79EE232D647A00EEAEC3 /* ViewController.swift */,
				B0AB79EC232D647A00EEAEC3 /* AppDelegate.swift */,
				B0AB79F5232D647B00EEAEC3 /* LaunchScreen.storyboard */,
				B0AB79F3232D647B00EEAEC3 /* Assets.xcassets */,
			);
			path = SupportingFiles;
			sourceTree = "<group>";
		};
		B0AB7A1B232D7ABB00EEAEC3 /* Information */ = {
			isa = PBXGroup;
			children = (
				B0AB7A20232D7BD900EEAEC3 /* Router */,
				B0AB7A1F232D7BD100EEAEC3 /* Entity */,
				B0AB7A1E232D7BC500EEAEC3 /* Presenter */,
				B0AB7A1D232D7BBF00EEAEC3 /* Interactor */,
				B0AB7A1C232D7BB400EEAEC3 /* View */,
			);
			path = Information;
			sourceTree = "<group>";
		};
		B0AB7A1C232D7BB400EEAEC3 /* View */ = {
			isa = PBXGroup;
			children = (
				B0AB7A2B232D7CD200EEAEC3 /* Information.storyboard */,
				B0AB7A2D232D7CFB00EEAEC3 /* InformationViewController.swift */,
			);
			path = View;
			sourceTree = "<group>";
		};
		B0AB7A1D232D7BBF00EEAEC3 /* Interactor */ = {
			isa = PBXGroup;
			children = (
				B0AB7A29232D7CBB00EEAEC3 /* InformationInteractor.swift */,
			);
			path = Interactor;
			sourceTree = "<group>";
		};
		B0AB7A1E232D7BC500EEAEC3 /* Presenter */ = {
			isa = PBXGroup;
			children = (
				B0AB7A27232D7C9500EEAEC3 /* InformationPresenter.swift */,
			);
			path = Presenter;
			sourceTree = "<group>";
		};
		B0AB7A1F232D7BD100EEAEC3 /* Entity */ = {
			isa = PBXGroup;
			children = (
				B0AB7A23232D7C7F00EEAEC3 /* Information.swift */,
			);
			path = Entity;
			sourceTree = "<group>";
		};
		B0AB7A20232D7BD900EEAEC3 /* Router */ = {
			isa = PBXGroup;
			children = (
				B0AB7A21232D7C7200EEAEC3 /* InformationRouter.swift */,
			);
			path = Router;
			sourceTree = "<group>";
		};
		B0EAD77C23305EAB00968CA0 /* Service */ = {
			isa = PBXGroup;
			children = (
				B0EAD77D233065AD00968CA0 /* NetworkManager.swift */,
				B0EAD77F233065D300968CA0 /* ServiceConstants.swift */,
				B0EAD781233066DF00968CA0 /* ServiceInterfaces.swift */,
				B0EAD783233067E000968CA0 /* InformationRequestManager.swift */,
			);
			path = Service;
			sourceTree = "<group>";
		};
/* End PBXGroup section */

/* Begin PBXNativeTarget section */
		B0AB79E8232D647900EEAEC3 /* WhoIs */ = {
			isa = PBXNativeTarget;
			buildConfigurationList = B0AB7A11232D647B00EEAEC3 /* Build configuration list for PBXNativeTarget "WhoIs" */;
			buildPhases = (
				B0AB79E5232D647900EEAEC3 /* Sources */,
				B0AB79E6232D647900EEAEC3 /* Frameworks */,
				B0AB79E7232D647900EEAEC3 /* Resources */,
			);
			buildRules = (
			);
			dependencies = (
			);
			name = WhoIs;
			productName = WhoIs;
			productReference = B0AB79E9232D647A00EEAEC3 /* WhoIs.app */;
			productType = "com.apple.product-type.application";
		};
		B0AB79FC232D647B00EEAEC3 /* WhoIsTests */ = {
			isa = PBXNativeTarget;
			buildConfigurationList = B0AB7A14232D647B00EEAEC3 /* Build configuration list for PBXNativeTarget "WhoIsTests" */;
			buildPhases = (
				B0AB79F9232D647B00EEAEC3 /* Sources */,
				B0AB79FA232D647B00EEAEC3 /* Frameworks */,
				B0AB79FB232D647B00EEAEC3 /* Resources */,
			);
			buildRules = (
			);
			dependencies = (
				B0AB79FF232D647B00EEAEC3 /* PBXTargetDependency */,
			);
			name = WhoIsTests;
			productName = WhoIsTests;
			productReference = B0AB79FD232D647B00EEAEC3 /* WhoIsTests.xctest */;
			productType = "com.apple.product-type.bundle.unit-test";
		};
		B0AB7A07232D647B00EEAEC3 /* WhoIsUITests */ = {
			isa = PBXNativeTarget;
			buildConfigurationList = B0AB7A17232D647B00EEAEC3 /* Build configuration list for PBXNativeTarget "WhoIsUITests" */;
			buildPhases = (
				B0AB7A04232D647B00EEAEC3 /* Sources */,
				B0AB7A05232D647B00EEAEC3 /* Frameworks */,
				B0AB7A06232D647B00EEAEC3 /* Resources */,
			);
			buildRules = (
			);
			dependencies = (
				B0AB7A0A232D647B00EEAEC3 /* PBXTargetDependency */,
			);
			name = WhoIsUITests;
			productName = WhoIsUITests;
			productReference = B0AB7A08232D647B00EEAEC3 /* WhoIsUITests.xctest */;
			productType = "com.apple.product-type.bundle.ui-testing";
		};
/* End PBXNativeTarget section */

/* Begin PBXProject section */
		B0AB79E1232D647900EEAEC3 /* Project object */ = {
			isa = PBXProject;
			attributes = {
				LastSwiftUpdateCheck = 1030;
				LastUpgradeCheck = 1030;
				ORGANIZATIONNAME = braky;
				TargetAttributes = {
					B0AB79E8232D647900EEAEC3 = {
						CreatedOnToolsVersion = 10.3;
					};
					B0AB79FC232D647B00EEAEC3 = {
						CreatedOnToolsVersion = 10.3;
						TestTargetID = B0AB79E8232D647900EEAEC3;
					};
					B0AB7A07232D647B00EEAEC3 = {
						CreatedOnToolsVersion = 10.3;
						TestTargetID = B0AB79E8232D647900EEAEC3;
					};
				};
			};
			buildConfigurationList = B0AB79E4232D647900EEAEC3 /* Build configuration list for PBXProject "WhoIs" */;
			compatibilityVersion = "Xcode 9.3";
			developmentRegion = en;
			hasScannedForEncodings = 0;
			knownRegions = (
				en,
				Base,
			);
			mainGroup = B0AB79E0232D647900EEAEC3;
			productRefGroup = B0AB79EA232D647A00EEAEC3 /* Products */;
			projectDirPath = "";
			projectRoot = "";
			targets = (
				B0AB79E8232D647900EEAEC3 /* WhoIs */,
				B0AB79FC232D647B00EEAEC3 /* WhoIsTests */,
				B0AB7A07232D647B00EEAEC3 /* WhoIsUITests */,
			);
		};
/* End PBXProject section */

/* Begin PBXResourcesBuildPhase section */
		B0AB79E7232D647900EEAEC3 /* Resources */ = {
			isa = PBXResourcesBuildPhase;
			buildActionMask = 2147483647;
			files = (
				B0AB7A2C232D7CD200EEAEC3 /* Information.storyboard in Resources */,
				B0AB79F7232D647B00EEAEC3 /* LaunchScreen.storyboard in Resources */,
				B0AB79F4232D647B00EEAEC3 /* Assets.xcassets in Resources */,
			);
			runOnlyForDeploymentPostprocessing = 0;
		};
		B0AB79FB232D647B00EEAEC3 /* Resources */ = {
			isa = PBXResourcesBuildPhase;
			buildActionMask = 2147483647;
			files = (
			);
			runOnlyForDeploymentPostprocessing = 0;
		};
		B0AB7A06232D647B00EEAEC3 /* Resources */ = {
			isa = PBXResourcesBuildPhase;
			buildActionMask = 2147483647;
			files = (
			);
			runOnlyForDeploymentPostprocessing = 0;
		};
/* End PBXResourcesBuildPhase section */

/* Begin PBXSourcesBuildPhase section */
		B0AB79E5232D647900EEAEC3 /* Sources */ = {
			isa = PBXSourcesBuildPhase;
			buildActionMask = 2147483647;
			files = (
				B0AB79EF232D647A00EEAEC3 /* ViewController.swift in Sources */,
				B0AB79ED232D647A00EEAEC3 /* AppDelegate.swift in Sources */,
				B0AB7A2E232D7CFB00EEAEC3 /* InformationViewController.swift in Sources */,
				B0EAD782233066DF00968CA0 /* ServiceInterfaces.swift in Sources */,
				B0EAD784233067E000968CA0 /* InformationRequestManager.swift in Sources */,
				B0EAD780233065D300968CA0 /* ServiceConstants.swift in Sources */,
				B0AB7A28232D7C9500EEAEC3 /* InformationPresenter.swift in Sources */,
				B0EAD77E233065AD00968CA0 /* NetworkManager.swift in Sources */,
				B0AB7A24232D7C7F00EEAEC3 /* Information.swift in Sources */,
				B0AB7A22232D7C7200EEAEC3 /* InformationRouter.swift in Sources */,
				B0AB7A2A232D7CBB00EEAEC3 /* InformationInteractor.swift in Sources */,
			);
			runOnlyForDeploymentPostprocessing = 0;
		};
		B0AB79F9232D647B00EEAEC3 /* Sources */ = {
			isa = PBXSourcesBuildPhase;
			buildActionMask = 2147483647;
			files = (
				B0AB7A02232D647B00EEAEC3 /* WhoIsTests.swift in Sources */,
			);
			runOnlyForDeploymentPostprocessing = 0;
		};
		B0AB7A04232D647B00EEAEC3 /* Sources */ = {
			isa = PBXSourcesBuildPhase;
			buildActionMask = 2147483647;
			files = (
				B0AB7A0D232D647B00EEAEC3 /* WhoIsUITests.swift in Sources */,
			);
			runOnlyForDeploymentPostprocessing = 0;
		};
/* End PBXSourcesBuildPhase section */

/* Begin PBXTargetDependency section */
		B0AB79FF232D647B00EEAEC3 /* PBXTargetDependency */ = {
			isa = PBXTargetDependency;
			target = B0AB79E8232D647900EEAEC3 /* WhoIs */;
			targetProxy = B0AB79FE232D647B00EEAEC3 /* PBXContainerItemProxy */;
		};
		B0AB7A0A232D647B00EEAEC3 /* PBXTargetDependency */ = {
			isa = PBXTargetDependency;
			target = B0AB79E8232D647900EEAEC3 /* WhoIs */;
			targetProxy = B0AB7A09232D647B00EEAEC3 /* PBXContainerItemProxy */;
		};
/* End PBXTargetDependency section */

/* Begin PBXVariantGroup section */
		B0AB79F5232D647B00EEAEC3 /* LaunchScreen.storyboard */ = {
			isa = PBXVariantGroup;
			children = (
				B0AB79F6232D647B00EEAEC3 /* Base */,
			);
			name = LaunchScreen.storyboard;
			sourceTree = "<group>";
		};
/* End PBXVariantGroup section */

/* Begin XCBuildConfiguration section */
		B0AB7A0F232D647B00EEAEC3 /* Debug */ = {
			isa = XCBuildConfiguration;
			buildSettings = {
				ALWAYS_SEARCH_USER_PATHS = NO;
				CLANG_ANALYZER_NONNULL = YES;
				CLANG_ANALYZER_NUMBER_OBJECT_CONVERSION = YES_AGGRESSIVE;
				CLANG_CXX_LANGUAGE_STANDARD = "gnu++14";
				CLANG_CXX_LIBRARY = "libc++";
				CLANG_ENABLE_MODULES = YES;
				CLANG_ENABLE_OBJC_ARC = YES;
				CLANG_ENABLE_OBJC_WEAK = YES;
				CLANG_WARN_BLOCK_CAPTURE_AUTORELEASING = YES;
				CLANG_WARN_BOOL_CONVERSION = YES;
				CLANG_WARN_COMMA = YES;
				CLANG_WARN_CONSTANT_CONVERSION = YES;
				CLANG_WARN_DEPRECATED_OBJC_IMPLEMENTATIONS = YES;
				CLANG_WARN_DIRECT_OBJC_ISA_USAGE = YES_ERROR;
				CLANG_WARN_DOCUMENTATION_COMMENTS = YES;
				CLANG_WARN_EMPTY_BODY = YES;
				CLANG_WARN_ENUM_CONVERSION = YES;
				CLANG_WARN_INFINITE_RECURSION = YES;
				CLANG_WARN_INT_CONVERSION = YES;
				CLANG_WARN_NON_LITERAL_NULL_CONVERSION = YES;
				CLANG_WARN_OBJC_IMPLICIT_RETAIN_SELF = YES;
				CLANG_WARN_OBJC_LITERAL_CONVERSION = YES;
				CLANG_WARN_OBJC_ROOT_CLASS = YES_ERROR;
				CLANG_WARN_RANGE_LOOP_ANALYSIS = YES;
				CLANG_WARN_STRICT_PROTOTYPES = YES;
				CLANG_WARN_SUSPICIOUS_MOVE = YES;
				CLANG_WARN_UNGUARDED_AVAILABILITY = YES_AGGRESSIVE;
				CLANG_WARN_UNREACHABLE_CODE = YES;
				CLANG_WARN__DUPLICATE_METHOD_MATCH = YES;
				CODE_SIGN_IDENTITY = "iPhone Developer";
				COPY_PHASE_STRIP = NO;
				DEBUG_INFORMATION_FORMAT = dwarf;
				ENABLE_STRICT_OBJC_MSGSEND = YES;
				ENABLE_TESTABILITY = YES;
				GCC_C_LANGUAGE_STANDARD = gnu11;
				GCC_DYNAMIC_NO_PIC = NO;
				GCC_NO_COMMON_BLOCKS = YES;
				GCC_OPTIMIZATION_LEVEL = 0;
				GCC_PREPROCESSOR_DEFINITIONS = (
					"DEBUG=1",
					"$(inherited)",
				);
				GCC_WARN_64_TO_32_BIT_CONVERSION = YES;
				GCC_WARN_ABOUT_RETURN_TYPE = YES_ERROR;
				GCC_WARN_UNDECLARED_SELECTOR = YES;
				GCC_WARN_UNINITIALIZED_AUTOS = YES_AGGRESSIVE;
				GCC_WARN_UNUSED_FUNCTION = YES;
				GCC_WARN_UNUSED_VARIABLE = YES;
				IPHONEOS_DEPLOYMENT_TARGET = 12.4;
				MTL_ENABLE_DEBUG_INFO = INCLUDE_SOURCE;
				MTL_FAST_MATH = YES;
				ONLY_ACTIVE_ARCH = YES;
				SDKROOT = iphoneos;
				SWIFT_ACTIVE_COMPILATION_CONDITIONS = DEBUG;
				SWIFT_OPTIMIZATION_LEVEL = "-Onone";
			};
			name = Debug;
		};
		B0AB7A10232D647B00EEAEC3 /* Release */ = {
			isa = XCBuildConfiguration;
			buildSettings = {
				ALWAYS_SEARCH_USER_PATHS = NO;
				CLANG_ANALYZER_NONNULL = YES;
				CLANG_ANALYZER_NUMBER_OBJECT_CONVERSION = YES_AGGRESSIVE;
				CLANG_CXX_LANGUAGE_STANDARD = "gnu++14";
				CLANG_CXX_LIBRARY = "libc++";
				CLANG_ENABLE_MODULES = YES;
				CLANG_ENABLE_OBJC_ARC = YES;
				CLANG_ENABLE_OBJC_WEAK = YES;
				CLANG_WARN_BLOCK_CAPTURE_AUTORELEASING = YES;
				CLANG_WARN_BOOL_CONVERSION = YES;
				CLANG_WARN_COMMA = YES;
				CLANG_WARN_CONSTANT_CONVERSION = YES;
				CLANG_WARN_DEPRECATED_OBJC_IMPLEMENTATIONS = YES;
				CLANG_WARN_DIRECT_OBJC_ISA_USAGE = YES_ERROR;
				CLANG_WARN_DOCUMENTATION_COMMENTS = YES;
				CLANG_WARN_EMPTY_BODY = YES;
				CLANG_WARN_ENUM_CONVERSION = YES;
				CLANG_WARN_INFINITE_RECURSION = YES;
				CLANG_WARN_INT_CONVERSION = YES;
				CLANG_WARN_NON_LITERAL_NULL_CONVERSION = YES;
				CLANG_WARN_OBJC_IMPLICIT_RETAIN_SELF = YES;
				CLANG_WARN_OBJC_LITERAL_CONVERSION = YES;
				CLANG_WARN_OBJC_ROOT_CLASS = YES_ERROR;
				CLANG_WARN_RANGE_LOOP_ANALYSIS = YES;
				CLANG_WARN_STRICT_PROTOTYPES = YES;
				CLANG_WARN_SUSPICIOUS_MOVE = YES;
				CLANG_WARN_UNGUARDED_AVAILABILITY = YES_AGGRESSIVE;
				CLANG_WARN_UNREACHABLE_CODE = YES;
				CLANG_WARN__DUPLICATE_METHOD_MATCH = YES;
				CODE_SIGN_IDENTITY = "iPhone Developer";
				COPY_PHASE_STRIP = NO;
				DEBUG_INFORMATION_FORMAT = "dwarf-with-dsym";
				ENABLE_NS_ASSERTIONS = NO;
				ENABLE_STRICT_OBJC_MSGSEND = YES;
				GCC_C_LANGUAGE_STANDARD = gnu11;
				GCC_NO_COMMON_BLOCKS = YES;
				GCC_WARN_64_TO_32_BIT_CONVERSION = YES;
				GCC_WARN_ABOUT_RETURN_TYPE = YES_ERROR;
				GCC_WARN_UNDECLARED_SELECTOR = YES;
				GCC_WARN_UNINITIALIZED_AUTOS = YES_AGGRESSIVE;
				GCC_WARN_UNUSED_FUNCTION = YES;
				GCC_WARN_UNUSED_VARIABLE = YES;
				IPHONEOS_DEPLOYMENT_TARGET = 12.4;
				MTL_ENABLE_DEBUG_INFO = NO;
				MTL_FAST_MATH = YES;
				SDKROOT = iphoneos;
				SWIFT_COMPILATION_MODE = wholemodule;
				SWIFT_OPTIMIZATION_LEVEL = "-O";
				VALIDATE_PRODUCT = YES;
			};
			name = Release;
		};
		B0AB7A12232D647B00EEAEC3 /* Debug */ = {
			isa = XCBuildConfiguration;
			buildSettings = {
				ASSETCATALOG_COMPILER_APPICON_NAME = AppIcon;
				CODE_SIGN_STYLE = Automatic;
				DEVELOPMENT_TEAM = L47JD4TJ76;
				INFOPLIST_FILE = WhoIs/Info.plist;
				LD_RUNPATH_SEARCH_PATHS = (
					"$(inherited)",
					"@executable_path/Frameworks",
				);
				PRODUCT_BUNDLE_IDENTIFIER = braky.WhoIs;
				PRODUCT_NAME = "$(TARGET_NAME)";
				SWIFT_VERSION = 5.0;
				TARGETED_DEVICE_FAMILY = "1,2";
			};
			name = Debug;
		};
		B0AB7A13232D647B00EEAEC3 /* Release */ = {
			isa = XCBuildConfiguration;
			buildSettings = {
				ASSETCATALOG_COMPILER_APPICON_NAME = AppIcon;
				CODE_SIGN_STYLE = Automatic;
				DEVELOPMENT_TEAM = L47JD4TJ76;
				INFOPLIST_FILE = WhoIs/Info.plist;
				LD_RUNPATH_SEARCH_PATHS = (
					"$(inherited)",
					"@executable_path/Frameworks",
				);
				PRODUCT_BUNDLE_IDENTIFIER = braky.WhoIs;
				PRODUCT_NAME = "$(TARGET_NAME)";
				SWIFT_VERSION = 5.0;
				TARGETED_DEVICE_FAMILY = "1,2";
			};
			name = Release;
		};
		B0AB7A15232D647B00EEAEC3 /* Debug */ = {
			isa = XCBuildConfiguration;
			buildSettings = {
				ALWAYS_EMBED_SWIFT_STANDARD_LIBRARIES = YES;
				BUNDLE_LOADER = "$(TEST_HOST)";
				CODE_SIGN_STYLE = Automatic;
				DEVELOPMENT_TEAM = L47JD4TJ76;
				INFOPLIST_FILE = WhoIsTests/Info.plist;
				LD_RUNPATH_SEARCH_PATHS = (
					"$(inherited)",
					"@executable_path/Frameworks",
					"@loader_path/Frameworks",
				);
				PRODUCT_BUNDLE_IDENTIFIER = braky.WhoIsTests;
				PRODUCT_NAME = "$(TARGET_NAME)";
				SWIFT_VERSION = 5.0;
				TARGETED_DEVICE_FAMILY = "1,2";
				TEST_HOST = "$(BUILT_PRODUCTS_DIR)/WhoIs.app/WhoIs";
			};
			name = Debug;
		};
		B0AB7A16232D647B00EEAEC3 /* Release */ = {
			isa = XCBuildConfiguration;
			buildSettings = {
				ALWAYS_EMBED_SWIFT_STANDARD_LIBRARIES = YES;
				BUNDLE_LOADER = "$(TEST_HOST)";
				CODE_SIGN_STYLE = Automatic;
				DEVELOPMENT_TEAM = L47JD4TJ76;
				INFOPLIST_FILE = WhoIsTests/Info.plist;
				LD_RUNPATH_SEARCH_PATHS = (
					"$(inherited)",
					"@executable_path/Frameworks",
					"@loader_path/Frameworks",
				);
				PRODUCT_BUNDLE_IDENTIFIER = braky.WhoIsTests;
				PRODUCT_NAME = "$(TARGET_NAME)";
				SWIFT_VERSION = 5.0;
				TARGETED_DEVICE_FAMILY = "1,2";
				TEST_HOST = "$(BUILT_PRODUCTS_DIR)/WhoIs.app/WhoIs";
			};
			name = Release;
		};
		B0AB7A18232D647B00EEAEC3 /* Debug */ = {
			isa = XCBuildConfiguration;
			buildSettings = {
				ALWAYS_EMBED_SWIFT_STANDARD_LIBRARIES = YES;
				CODE_SIGN_STYLE = Automatic;
				DEVELOPMENT_TEAM = L47JD4TJ76;
				INFOPLIST_FILE = WhoIsUITests/Info.plist;
				LD_RUNPATH_SEARCH_PATHS = (
					"$(inherited)",
					"@executable_path/Frameworks",
					"@loader_path/Frameworks",
				);
				PRODUCT_BUNDLE_IDENTIFIER = braky.WhoIsUITests;
				PRODUCT_NAME = "$(TARGET_NAME)";
				SWIFT_VERSION = 5.0;
				TARGETED_DEVICE_FAMILY = "1,2";
				TEST_TARGET_NAME = WhoIs;
			};
			name = Debug;
		};
		B0AB7A19232D647B00EEAEC3 /* Release */ = {
			isa = XCBuildConfiguration;
			buildSettings = {
				ALWAYS_EMBED_SWIFT_STANDARD_LIBRARIES = YES;
				CODE_SIGN_STYLE = Automatic;
				DEVELOPMENT_TEAM = L47JD4TJ76;
				INFOPLIST_FILE = WhoIsUITests/Info.plist;
				LD_RUNPATH_SEARCH_PATHS = (
					"$(inherited)",
					"@executable_path/Frameworks",
					"@loader_path/Frameworks",
				);
				PRODUCT_BUNDLE_IDENTIFIER = braky.WhoIsUITests;
				PRODUCT_NAME = "$(TARGET_NAME)";
				SWIFT_VERSION = 5.0;
				TARGETED_DEVICE_FAMILY = "1,2";
				TEST_TARGET_NAME = WhoIs;
			};
			name = Release;
		};
/* End XCBuildConfiguration section */

/* Begin XCConfigurationList section */
		B0AB79E4232D647900EEAEC3 /* Build configuration list for PBXProject "WhoIs" */ = {
			isa = XCConfigurationList;
			buildConfigurations = (
				B0AB7A0F232D647B00EEAEC3 /* Debug */,
				B0AB7A10232D647B00EEAEC3 /* Release */,
			);
			defaultConfigurationIsVisible = 0;
			defaultConfigurationName = Release;
		};
		B0AB7A11232D647B00EEAEC3 /* Build configuration list for PBXNativeTarget "WhoIs" */ = {
			isa = XCConfigurationList;
			buildConfigurations = (
				B0AB7A12232D647B00EEAEC3 /* Debug */,
				B0AB7A13232D647B00EEAEC3 /* Release */,
			);
			defaultConfigurationIsVisible = 0;
			defaultConfigurationName = Release;
		};
		B0AB7A14232D647B00EEAEC3 /* Build configuration list for PBXNativeTarget "WhoIsTests" */ = {
			isa = XCConfigurationList;
			buildConfigurations = (
				B0AB7A15232D647B00EEAEC3 /* Debug */,
				B0AB7A16232D647B00EEAEC3 /* Release */,
			);
			defaultConfigurationIsVisible = 0;
			defaultConfigurationName = Release;
		};
		B0AB7A17232D647B00EEAEC3 /* Build configuration list for PBXNativeTarget "WhoIsUITests" */ = {
			isa = XCConfigurationList;
			buildConfigurations = (
				B0AB7A18232D647B00EEAEC3 /* Debug */,
				B0AB7A19232D647B00EEAEC3 /* Release */,
			);
			defaultConfigurationIsVisible = 0;
			defaultConfigurationName = Release;
		};
/* End XCConfigurationList section */
	};
	rootObject = B0AB79E1232D647900EEAEC3 /* Project object */;
}
